
Microsoft Visual Studio Solution File, Format Version 12.00
# Visual Studio 15
VisualStudioVersion = 15.0.28010.2026
MinimumVisualStudioVersion = 10.0.40219.1
Project("{FAE04EC0-301F-11D3-BF4B-00C04F79EFBC}") = "SheetTools", "SheetTools\SheetTools.csproj", "{BC959DF4-CD25-472D-9B81-AED7A3BF65BA}"
EndProject
Project("{FAE04EC0-301F-11D3-BF4B-00C04F79EFBC}") = "Debuger", "Debuger\Debuger.csproj", "{B9D3D94A-D3E1-4612-B911-3D2EF3F756F8}"
EndProject
Global
	GlobalSection(SolutionConfigurationPlatforms) = preSolution
		Debug|Any CPU = Debug|Any CPU
		Release|Any CPU = Release|Any CPU
	EndGlobalSection
	GlobalSection(ProjectConfigurationPlatforms) = postSolution
		{BC959DF4-CD25-472D-9B81-AED7A3BF65BA}.Debug|Any CPU.ActiveCfg = Debug|Any CPU
		{BC959DF4-CD25-472D-9B81-AED7A3BF65BA}.Debug|Any CPU.Build.0 = Debug|Any CPU
		{BC959DF4-CD25-472D-9B81-AED7A3BF65BA}.Release|Any CPU.ActiveCfg = Release|Any CPU
		{BC959DF4-CD25-472D-9B81-AED7A3BF65BA}.Release|Any CPU.Build.0 = Release|Any CPU
		{B9D3D94A-D3E1-4612-B911-3D2EF3F756F8}.Debug|Any CPU.ActiveCfg = Debug|Any CPU
		{B9D3D94A-D3E1-4612-B911-3D2EF3F756F8}.Debug|Any CPU.Build.0 = Debug|Any CPU
		{B9D3D94A-D3E1-4612-B911-3D2EF3F756F8}.Release|Any CPU.ActiveCfg = Release|Any CPU
		{B9D3D94A-D3E1-4612-B911-3D2EF3F756F8}.Release|Any CPU.Build.0 = Release|Any CPU
	EndGlobalSection
	GlobalSection(SolutionProperties) = preSolution
		HideSolutionNode = FALSE
	EndGlobalSection
	GlobalSection(ExtensibilityGlobals) = postSolution
		SolutionGuid = {012A63C3-0C63-455A-9135-32F1F7B276BF}
	EndGlobalSection
EndGlobal
